
Microsoft Visual Studio Solution File, Format Version 12.00
# Visual Studio Version 17
VisualStudioVersion = 17.10.35027.167
MinimumVisualStudioVersion = 10.0.40219.1
Project("{9A19103F-16F7-4668-BE54-9A1E7A4F7556}") = "MusicClub.DbServices", "MusicClub.DbServices\MusicClub.DbServices.csproj", "{6B48624D-98C3-46BB-A453-90DE85E6CCBE}"
EndProject
Project("{9A19103F-16F7-4668-BE54-9A1E7A4F7556}") = "MusicClub.ApiServices", "MusicClub.ApiServices\MusicClub.ApiServices.csproj", "{AB429BB1-7FC9-4C27-8347-6D3C7A7EDF7D}"
EndProject
Project("{9A19103F-16F7-4668-BE54-9A1E7A4F7556}") = "MusicClub.DbCore", "MusicClub.DbCore\MusicClub.DbCore.csproj", "{680B5905-2355-49BD-A31B-6F11C74A3BAE}"
EndProject
Project("{9A19103F-16F7-4668-BE54-9A1E7A4F7556}") = "MusicClub.Api", "MusicClub.Api\MusicClub.Api.csproj", "{342F7A41-4DBD-4111-8BA4-BD0532AFA7D1}"
EndProject
Project("{9A19103F-16F7-4668-BE54-9A1E7A4F7556}") = "MusicClub.Dto", "MusicClub.Dto\MusicClub.Dto.csproj", "{A2B46805-CA7E-4A7B-9B63-20ED7F7764FD}"
EndProject
Project("{9A19103F-16F7-4668-BE54-9A1E7A4F7556}") = "MusicClub.Cms.Blazor", "MusicClub.Cms.Blazor\MusicClub.Cms.Blazor.csproj", "{30559686-58F8-4B82-B6F0-9AB70902065D}"
EndProject
Project("{9A19103F-16F7-4668-BE54-9A1E7A4F7556}") = "MusicClub.SourceGenerators", "MusicClub.SourceGenerators\MusicClub.SourceGenerators.csproj", "{EF528077-E29F-4C46-A7F7-A4EE3134E333}"
EndProject
Project("{9A19103F-16F7-4668-BE54-9A1E7A4F7556}") = "MusicClub.SourceGenerators.Dto", "MusicClub.SourceGenerators.Dto\MusicClub.SourceGenerators.Dto.csproj", "{B567D30A-9F4A-438F-8FC7-B994D74E2CFD}"
EndProject
Project("{9A19103F-16F7-4668-BE54-9A1E7A4F7556}") = "MusicClub.SourceGenerators.ApiServices", "MusicClub.SourceGenerators.ApiServices\MusicClub.SourceGenerators.ApiServices.csproj", "{B961818A-1F44-4612-A87D-044A9B80CFB7}"
EndProject
Project("{2150E333-8FDC-42A3-9474-1A3956D46DE8}") = "SourceGenerators", "SourceGenerators", "{547CA781-2A40-41CF-8B30-D7096EC688DA}"
EndProject
Project("{2150E333-8FDC-42A3-9474-1A3956D46DE8}") = "Api", "Api", "{829E0E72-2B9E-41DD-8C51-35D05106DFFD}"
EndProject
Project("{2150E333-8FDC-42A3-9474-1A3956D46DE8}") = "Cms", "Cms", "{86F96333-897F-4FE6-BF12-A5D80654CC51}"
EndProject
Project("{2150E333-8FDC-42A3-9474-1A3956D46DE8}") = "Dto", "Dto", "{A8A74977-6777-4A9D-A43E-CA17C1B4E39C}"
EndProject
Project("{9A19103F-16F7-4668-BE54-9A1E7A4F7556}") = "MusicClub.SourceGenerators.Api", "MusicClub.SourceGenerators.Api\MusicClub.SourceGenerators.Api.csproj", "{D1312AF6-AB97-40A4-8970-98D6696F2B19}"
EndProject
Project("{9A19103F-16F7-4668-BE54-9A1E7A4F7556}") = "MusicClub.SourceGenerators.Base", "MusicClub.SourceGenerators.Base\MusicClub.SourceGenerators.Base.csproj", "{42B7BF0A-9EDB-4770-9CFE-71B71940EF48}"
EndProject
Global
	GlobalSection(SolutionConfigurationPlatforms) = preSolution
		Debug|Any CPU = Debug|Any CPU
		Debug|x64 = Debug|x64
		Debug|x86 = Debug|x86
		Release|Any CPU = Release|Any CPU
		Release|x64 = Release|x64
		Release|x86 = Release|x86
	EndGlobalSection
	GlobalSection(ProjectConfigurationPlatforms) = postSolution
		{6B48624D-98C3-46BB-A453-90DE85E6CCBE}.Debug|Any CPU.ActiveCfg = Debug|Any CPU
		{6B48624D-98C3-46BB-A453-90DE85E6CCBE}.Debug|Any CPU.Build.0 = Debug|Any CPU
		{6B48624D-98C3-46BB-A453-90DE85E6CCBE}.Debug|x64.ActiveCfg = Debug|Any CPU
		{6B48624D-98C3-46BB-A453-90DE85E6CCBE}.Debug|x64.Build.0 = Debug|Any CPU
		{6B48624D-98C3-46BB-A453-90DE85E6CCBE}.Debug|x86.ActiveCfg = Debug|Any CPU
		{6B48624D-98C3-46BB-A453-90DE85E6CCBE}.Debug|x86.Build.0 = Debug|Any CPU
		{6B48624D-98C3-46BB-A453-90DE85E6CCBE}.Release|Any CPU.ActiveCfg = Release|Any CPU
		{6B48624D-98C3-46BB-A453-90DE85E6CCBE}.Release|Any CPU.Build.0 = Release|Any CPU
		{6B48624D-98C3-46BB-A453-90DE85E6CCBE}.Release|x64.ActiveCfg = Release|Any CPU
		{6B48624D-98C3-46BB-A453-90DE85E6CCBE}.Release|x64.Build.0 = Release|Any CPU
		{6B48624D-98C3-46BB-A453-90DE85E6CCBE}.Release|x86.ActiveCfg = Release|Any CPU
		{6B48624D-98C3-46BB-A453-90DE85E6CCBE}.Release|x86.Build.0 = Release|Any CPU
		{AB429BB1-7FC9-4C27-8347-6D3C7A7EDF7D}.Debug|Any CPU.ActiveCfg = Debug|Any CPU
		{AB429BB1-7FC9-4C27-8347-6D3C7A7EDF7D}.Debug|Any CPU.Build.0 = Debug|Any CPU
		{AB429BB1-7FC9-4C27-8347-6D3C7A7EDF7D}.Debug|x64.ActiveCfg = Debug|Any CPU
		{AB429BB1-7FC9-4C27-8347-6D3C7A7EDF7D}.Debug|x64.Build.0 = Debug|Any CPU
		{AB429BB1-7FC9-4C27-8347-6D3C7A7EDF7D}.Debug|x86.ActiveCfg = Debug|Any CPU
		{AB429BB1-7FC9-4C27-8347-6D3C7A7EDF7D}.Debug|x86.Build.0 = Debug|Any CPU
		{AB429BB1-7FC9-4C27-8347-6D3C7A7EDF7D}.Release|Any CPU.ActiveCfg = Release|Any CPU
		{AB429BB1-7FC9-4C27-8347-6D3C7A7EDF7D}.Release|Any CPU.Build.0 = Release|Any CPU
		{AB429BB1-7FC9-4C27-8347-6D3C7A7EDF7D}.Release|x64.ActiveCfg = Release|Any CPU
		{AB429BB1-7FC9-4C27-8347-6D3C7A7EDF7D}.Release|x64.Build.0 = Release|Any CPU
		{AB429BB1-7FC9-4C27-8347-6D3C7A7EDF7D}.Release|x86.ActiveCfg = Release|Any CPU
		{AB429BB1-7FC9-4C27-8347-6D3C7A7EDF7D}.Release|x86.Build.0 = Release|Any CPU
		{680B5905-2355-49BD-A31B-6F11C74A3BAE}.Debug|Any CPU.ActiveCfg = Debug|Any CPU
		{680B5905-2355-49BD-A31B-6F11C74A3BAE}.Debug|Any CPU.Build.0 = Debug|Any CPU
		{680B5905-2355-49BD-A31B-6F11C74A3BAE}.Debug|x64.ActiveCfg = Debug|Any CPU
		{680B5905-2355-49BD-A31B-6F11C74A3BAE}.Debug|x64.Build.0 = Debug|Any CPU
		{680B5905-2355-49BD-A31B-6F11C74A3BAE}.Debug|x86.ActiveCfg = Debug|Any CPU
		{680B5905-2355-49BD-A31B-6F11C74A3BAE}.Debug|x86.Build.0 = Debug|Any CPU
		{680B5905-2355-49BD-A31B-6F11C74A3BAE}.Release|Any CPU.ActiveCfg = Release|Any CPU
		{680B5905-2355-49BD-A31B-6F11C74A3BAE}.Release|Any CPU.Build.0 = Release|Any CPU
		{680B5905-2355-49BD-A31B-6F11C74A3BAE}.Release|x64.ActiveCfg = Release|Any CPU
		{680B5905-2355-49BD-A31B-6F11C74A3BAE}.Release|x64.Build.0 = Release|Any CPU
		{680B5905-2355-49BD-A31B-6F11C74A3BAE}.Release|x86.ActiveCfg = Release|Any CPU
		{680B5905-2355-49BD-A31B-6F11C74A3BAE}.Release|x86.Build.0 = Release|Any CPU
		{342F7A41-4DBD-4111-8BA4-BD0532AFA7D1}.Debug|Any CPU.ActiveCfg = Debug|Any CPU
		{342F7A41-4DBD-4111-8BA4-BD0532AFA7D1}.Debug|Any CPU.Build.0 = Debug|Any CPU
		{342F7A41-4DBD-4111-8BA4-BD0532AFA7D1}.Debug|x64.ActiveCfg = Debug|Any CPU
		{342F7A41-4DBD-4111-8BA4-BD0532AFA7D1}.Debug|x64.Build.0 = Debug|Any CPU
		{342F7A41-4DBD-4111-8BA4-BD0532AFA7D1}.Debug|x86.ActiveCfg = Debug|Any CPU
		{342F7A41-4DBD-4111-8BA4-BD0532AFA7D1}.Debug|x86.Build.0 = Debug|Any CPU
		{342F7A41-4DBD-4111-8BA4-BD0532AFA7D1}.Release|Any CPU.ActiveCfg = Release|Any CPU
		{342F7A41-4DBD-4111-8BA4-BD0532AFA7D1}.Release|Any CPU.Build.0 = Release|Any CPU
		{342F7A41-4DBD-4111-8BA4-BD0532AFA7D1}.Release|x64.ActiveCfg = Release|Any CPU
		{342F7A41-4DBD-4111-8BA4-BD0532AFA7D1}.Release|x64.Build.0 = Release|Any CPU
		{342F7A41-4DBD-4111-8BA4-BD0532AFA7D1}.Release|x86.ActiveCfg = Release|Any CPU
		{342F7A41-4DBD-4111-8BA4-BD0532AFA7D1}.Release|x86.Build.0 = Release|Any CPU
		{A2B46805-CA7E-4A7B-9B63-20ED7F7764FD}.Debug|Any CPU.ActiveCfg = Debug|Any CPU
		{A2B46805-CA7E-4A7B-9B63-20ED7F7764FD}.Debug|Any CPU.Build.0 = Debug|Any CPU
		{A2B46805-CA7E-4A7B-9B63-20ED7F7764FD}.Debug|x64.ActiveCfg = Debug|Any CPU
		{A2B46805-CA7E-4A7B-9B63-20ED7F7764FD}.Debug|x64.Build.0 = Debug|Any CPU
		{A2B46805-CA7E-4A7B-9B63-20ED7F7764FD}.Debug|x86.ActiveCfg = Debug|Any CPU
		{A2B46805-CA7E-4A7B-9B63-20ED7F7764FD}.Debug|x86.Build.0 = Debug|Any CPU
		{A2B46805-CA7E-4A7B-9B63-20ED7F7764FD}.Release|Any CPU.ActiveCfg = Release|Any CPU
		{A2B46805-CA7E-4A7B-9B63-20ED7F7764FD}.Release|Any CPU.Build.0 = Release|Any CPU
		{A2B46805-CA7E-4A7B-9B63-20ED7F7764FD}.Release|x64.ActiveCfg = Release|Any CPU
		{A2B46805-CA7E-4A7B-9B63-20ED7F7764FD}.Release|x64.Build.0 = Release|Any CPU
		{A2B46805-CA7E-4A7B-9B63-20ED7F7764FD}.Release|x86.ActiveCfg = Release|Any CPU
		{A2B46805-CA7E-4A7B-9B63-20ED7F7764FD}.Release|x86.Build.0 = Release|Any CPU
		{30559686-58F8-4B82-B6F0-9AB70902065D}.Debug|Any CPU.ActiveCfg = Debug|Any CPU
		{30559686-58F8-4B82-B6F0-9AB70902065D}.Debug|Any CPU.Build.0 = Debug|Any CPU
		{30559686-58F8-4B82-B6F0-9AB70902065D}.Debug|x64.ActiveCfg = Debug|Any CPU
		{30559686-58F8-4B82-B6F0-9AB70902065D}.Debug|x64.Build.0 = Debug|Any CPU
		{30559686-58F8-4B82-B6F0-9AB70902065D}.Debug|x86.ActiveCfg = Debug|Any CPU
		{30559686-58F8-4B82-B6F0-9AB70902065D}.Debug|x86.Build.0 = Debug|Any CPU
		{30559686-58F8-4B82-B6F0-9AB70902065D}.Release|Any CPU.ActiveCfg = Release|Any CPU
		{30559686-58F8-4B82-B6F0-9AB70902065D}.Release|Any CPU.Build.0 = Release|Any CPU
		{30559686-58F8-4B82-B6F0-9AB70902065D}.Release|x64.ActiveCfg = Release|Any CPU
		{30559686-58F8-4B82-B6F0-9AB70902065D}.Release|x64.Build.0 = Release|Any CPU
		{30559686-58F8-4B82-B6F0-9AB70902065D}.Release|x86.ActiveCfg = Release|Any CPU
		{30559686-58F8-4B82-B6F0-9AB70902065D}.Release|x86.Build.0 = Release|Any CPU
		{EF528077-E29F-4C46-A7F7-A4EE3134E333}.Debug|Any CPU.ActiveCfg = Debug|Any CPU
		{EF528077-E29F-4C46-A7F7-A4EE3134E333}.Debug|Any CPU.Build.0 = Debug|Any CPU
		{EF528077-E29F-4C46-A7F7-A4EE3134E333}.Debug|x64.ActiveCfg = Debug|Any CPU
		{EF528077-E29F-4C46-A7F7-A4EE3134E333}.Debug|x64.Build.0 = Debug|Any CPU
		{EF528077-E29F-4C46-A7F7-A4EE3134E333}.Debug|x86.ActiveCfg = Debug|Any CPU
		{EF528077-E29F-4C46-A7F7-A4EE3134E333}.Debug|x86.Build.0 = Debug|Any CPU
		{EF528077-E29F-4C46-A7F7-A4EE3134E333}.Release|Any CPU.ActiveCfg = Release|Any CPU
		{EF528077-E29F-4C46-A7F7-A4EE3134E333}.Release|Any CPU.Build.0 = Release|Any CPU
		{EF528077-E29F-4C46-A7F7-A4EE3134E333}.Release|x64.ActiveCfg = Release|Any CPU
		{EF528077-E29F-4C46-A7F7-A4EE3134E333}.Release|x64.Build.0 = Release|Any CPU
		{EF528077-E29F-4C46-A7F7-A4EE3134E333}.Release|x86.ActiveCfg = Release|Any CPU
		{EF528077-E29F-4C46-A7F7-A4EE3134E333}.Release|x86.Build.0 = Release|Any CPU
		{B567D30A-9F4A-438F-8FC7-B994D74E2CFD}.Debug|Any CPU.ActiveCfg = Debug|Any CPU
		{B567D30A-9F4A-438F-8FC7-B994D74E2CFD}.Debug|Any CPU.Build.0 = Debug|Any CPU
		{B567D30A-9F4A-438F-8FC7-B994D74E2CFD}.Debug|x64.ActiveCfg = Debug|Any CPU
		{B567D30A-9F4A-438F-8FC7-B994D74E2CFD}.Debug|x64.Build.0 = Debug|Any CPU
		{B567D30A-9F4A-438F-8FC7-B994D74E2CFD}.Debug|x86.ActiveCfg = Debug|Any CPU
		{B567D30A-9F4A-438F-8FC7-B994D74E2CFD}.Debug|x86.Build.0 = Debug|Any CPU
		{B567D30A-9F4A-438F-8FC7-B994D74E2CFD}.Release|Any CPU.ActiveCfg = Release|Any CPU
		{B567D30A-9F4A-438F-8FC7-B994D74E2CFD}.Release|Any CPU.Build.0 = Release|Any CPU
		{B567D30A-9F4A-438F-8FC7-B994D74E2CFD}.Release|x64.ActiveCfg = Release|Any CPU
		{B567D30A-9F4A-438F-8FC7-B994D74E2CFD}.Release|x64.Build.0 = Release|Any CPU
		{B567D30A-9F4A-438F-8FC7-B994D74E2CFD}.Release|x86.ActiveCfg = Release|Any CPU
		{B567D30A-9F4A-438F-8FC7-B994D74E2CFD}.Release|x86.Build.0 = Release|Any CPU
		{B961818A-1F44-4612-A87D-044A9B80CFB7}.Debug|Any CPU.ActiveCfg = Debug|Any CPU
		{B961818A-1F44-4612-A87D-044A9B80CFB7}.Debug|Any CPU.Build.0 = Debug|Any CPU
		{B961818A-1F44-4612-A87D-044A9B80CFB7}.Debug|x64.ActiveCfg = Debug|Any CPU
		{B961818A-1F44-4612-A87D-044A9B80CFB7}.Debug|x64.Build.0 = Debug|Any CPU
		{B961818A-1F44-4612-A87D-044A9B80CFB7}.Debug|x86.ActiveCfg = Debug|Any CPU
		{B961818A-1F44-4612-A87D-044A9B80CFB7}.Debug|x86.Build.0 = Debug|Any CPU
		{B961818A-1F44-4612-A87D-044A9B80CFB7}.Release|Any CPU.ActiveCfg = Release|Any CPU
		{B961818A-1F44-4612-A87D-044A9B80CFB7}.Release|Any CPU.Build.0 = Release|Any CPU
		{B961818A-1F44-4612-A87D-044A9B80CFB7}.Release|x64.ActiveCfg = Release|Any CPU
		{B961818A-1F44-4612-A87D-044A9B80CFB7}.Release|x64.Build.0 = Release|Any CPU
		{B961818A-1F44-4612-A87D-044A9B80CFB7}.Release|x86.ActiveCfg = Release|Any CPU
		{B961818A-1F44-4612-A87D-044A9B80CFB7}.Release|x86.Build.0 = Release|Any CPU
		{D1312AF6-AB97-40A4-8970-98D6696F2B19}.Debug|Any CPU.ActiveCfg = Debug|Any CPU
		{D1312AF6-AB97-40A4-8970-98D6696F2B19}.Debug|Any CPU.Build.0 = Debug|Any CPU
		{D1312AF6-AB97-40A4-8970-98D6696F2B19}.Debug|x64.ActiveCfg = Debug|Any CPU
		{D1312AF6-AB97-40A4-8970-98D6696F2B19}.Debug|x64.Build.0 = Debug|Any CPU
		{D1312AF6-AB97-40A4-8970-98D6696F2B19}.Debug|x86.ActiveCfg = Debug|Any CPU
		{D1312AF6-AB97-40A4-8970-98D6696F2B19}.Debug|x86.Build.0 = Debug|Any CPU
		{D1312AF6-AB97-40A4-8970-98D6696F2B19}.Release|Any CPU.ActiveCfg = Release|Any CPU
		{D1312AF6-AB97-40A4-8970-98D6696F2B19}.Release|Any CPU.Build.0 = Release|Any CPU
		{D1312AF6-AB97-40A4-8970-98D6696F2B19}.Release|x64.ActiveCfg = Release|Any CPU
		{D1312AF6-AB97-40A4-8970-98D6696F2B19}.Release|x64.Build.0 = Release|Any CPU
		{D1312AF6-AB97-40A4-8970-98D6696F2B19}.Release|x86.ActiveCfg = Release|Any CPU
		{D1312AF6-AB97-40A4-8970-98D6696F2B19}.Release|x86.Build.0 = Release|Any CPU
		{42B7BF0A-9EDB-4770-9CFE-71B71940EF48}.Debug|Any CPU.ActiveCfg = Debug|Any CPU
		{42B7BF0A-9EDB-4770-9CFE-71B71940EF48}.Debug|Any CPU.Build.0 = Debug|Any CPU
		{42B7BF0A-9EDB-4770-9CFE-71B71940EF48}.Debug|x64.ActiveCfg = Debug|Any CPU
		{42B7BF0A-9EDB-4770-9CFE-71B71940EF48}.Debug|x64.Build.0 = Debug|Any CPU
		{42B7BF0A-9EDB-4770-9CFE-71B71940EF48}.Debug|x86.ActiveCfg = Debug|Any CPU
		{42B7BF0A-9EDB-4770-9CFE-71B71940EF48}.Debug|x86.Build.0 = Debug|Any CPU
		{42B7BF0A-9EDB-4770-9CFE-71B71940EF48}.Release|Any CPU.ActiveCfg = Release|Any CPU
		{42B7BF0A-9EDB-4770-9CFE-71B71940EF48}.Release|Any CPU.Build.0 = Release|Any CPU
		{42B7BF0A-9EDB-4770-9CFE-71B71940EF48}.Release|x64.ActiveCfg = Release|Any CPU
		{42B7BF0A-9EDB-4770-9CFE-71B71940EF48}.Release|x64.Build.0 = Release|Any CPU
		{42B7BF0A-9EDB-4770-9CFE-71B71940EF48}.Release|x86.ActiveCfg = Release|Any CPU
		{42B7BF0A-9EDB-4770-9CFE-71B71940EF48}.Release|x86.Build.0 = Release|Any CPU
	EndGlobalSection
	GlobalSection(SolutionProperties) = preSolution
		HideSolutionNode = FALSE
	EndGlobalSection
	GlobalSection(NestedProjects) = preSolution
		{6B48624D-98C3-46BB-A453-90DE85E6CCBE} = {829E0E72-2B9E-41DD-8C51-35D05106DFFD}
		{AB429BB1-7FC9-4C27-8347-6D3C7A7EDF7D} = {86F96333-897F-4FE6-BF12-A5D80654CC51}
		{680B5905-2355-49BD-A31B-6F11C74A3BAE} = {829E0E72-2B9E-41DD-8C51-35D05106DFFD}
		{342F7A41-4DBD-4111-8BA4-BD0532AFA7D1} = {829E0E72-2B9E-41DD-8C51-35D05106DFFD}
		{A2B46805-CA7E-4A7B-9B63-20ED7F7764FD} = {A8A74977-6777-4A9D-A43E-CA17C1B4E39C}
		{30559686-58F8-4B82-B6F0-9AB70902065D} = {86F96333-897F-4FE6-BF12-A5D80654CC51}
		{EF528077-E29F-4C46-A7F7-A4EE3134E333} = {547CA781-2A40-41CF-8B30-D7096EC688DA}
		{B567D30A-9F4A-438F-8FC7-B994D74E2CFD} = {547CA781-2A40-41CF-8B30-D7096EC688DA}
		{B961818A-1F44-4612-A87D-044A9B80CFB7} = {547CA781-2A40-41CF-8B30-D7096EC688DA}
		{D1312AF6-AB97-40A4-8970-98D6696F2B19} = {547CA781-2A40-41CF-8B30-D7096EC688DA}
		{42B7BF0A-9EDB-4770-9CFE-71B71940EF48} = {547CA781-2A40-41CF-8B30-D7096EC688DA}
	EndGlobalSection
	GlobalSection(ExtensibilityGlobals) = postSolution
		SolutionGuid = {2736CDB3-B7F5-4F48-BC8B-AFD65CEE03E8}
	EndGlobalSection
EndGlobal
